// !$*UTF8*$!
{
	archiveVersion = 1;
	classes = {
	};
	objectVersion = 48;
	objects = {

/* Begin PBXBuildFile section */
		18D935AE20904B3E006D04CF /* AppDelegate.swift in Sources */ = {isa = PBXBuildFile; fileRef = 18D935AD20904B3E006D04CF /* AppDelegate.swift */; };
		18D935B020904B3E006D04CF /* ViewController.swift in Sources */ = {isa = PBXBuildFile; fileRef = 18D935AF20904B3E006D04CF /* ViewController.swift */; };
		18D935B320904B3E006D04CF /* Main.storyboard in Resources */ = {isa = PBXBuildFile; fileRef = 18D935B120904B3E006D04CF /* Main.storyboard */; };
		18D935B520904B3E006D04CF /* Assets.xcassets in Resources */ = {isa = PBXBuildFile; fileRef = 18D935B420904B3E006D04CF /* Assets.xcassets */; };
		18D935B820904B3E006D04CF /* LaunchScreen.storyboard in Resources */ = {isa = PBXBuildFile; fileRef = 18D935B620904B3E006D04CF /* LaunchScreen.storyboard */; };
		18D935C420905212006D04CF /* MFZhiHei_Noncommercial-Regular.ttf in Resources */ = {isa = PBXBuildFile; fileRef = 18D935C020905211006D04CF /* MFZhiHei_Noncommercial-Regular.ttf */; };
		18D935C520905212006D04CF /* MFJinHei_Noncommercial-Regular.ttf in Resources */ = {isa = PBXBuildFile; fileRef = 18D935C120905211006D04CF /* MFJinHei_Noncommercial-Regular.ttf */; };
		18D935C620905212006D04CF /* MFTongXin_Noncommercial-Regular.ttf in Resources */ = {isa = PBXBuildFile; fileRef = 18D935C220905212006D04CF /* MFTongXin_Noncommercial-Regular.ttf */; };
		18D935C720905212006D04CF /* Gaspar Regular.otf in Resources */ = {isa = PBXBuildFile; fileRef = 18D935C320905212006D04CF /* Gaspar Regular.otf */; };
		18D935CA2090546C006D04CF /* CustomFont.xcdatamodeld in Sources */ = {isa = PBXBuildFile; fileRef = 18D935C82090546C006D04CF /* CustomFont.xcdatamodeld */; };
/* End PBXBuildFile section */

/* Begin PBXFileReference section */
		18D935AA20904B3E006D04CF /* YFSwiftStudy_02.app */ = {isa = PBXFileReference; explicitFileType = wrapper.application; includeInIndex = 0; path = YFSwiftStudy_02.app; sourceTree = BUILT_PRODUCTS_DIR; };
		18D935AD20904B3E006D04CF /* AppDelegate.swift */ = {isa = PBXFileReference; lastKnownFileType = sourcecode.swift; path = AppDelegate.swift; sourceTree = "<group>"; };
		18D935AF20904B3E006D04CF /* ViewController.swift */ = {isa = PBXFileReference; lastKnownFileType = sourcecode.swift; path = ViewController.swift; sourceTree = "<group>"; };
		18D935B220904B3E006D04CF /* Base */ = {isa = PBXFileReference; lastKnownFileType = file.storyboard; name = Base; path = Base.lproj/Main.storyboard; sourceTree = "<group>"; };
		18D935B420904B3E006D04CF /* Assets.xcassets */ = {isa = PBXFileReference; lastKnownFileType = folder.assetcatalog; path = Assets.xcassets; sourceTree = "<group>"; };
		18D935B720904B3E006D04CF /* Base */ = {isa = PBXFileReference; lastKnownFileType = file.storyboard; name = Base; path = Base.lproj/LaunchScreen.storyboard; sourceTree = "<group>"; };
		18D935B920904B3E006D04CF /* Info.plist */ = {isa = PBXFileReference; lastKnownFileType = text.plist.xml; path = Info.plist; sourceTree = "<group>"; };
		18D935C020905211006D04CF /* MFZhiHei_Noncommercial-Regular.ttf */ = {isa = PBXFileReference; lastKnownFileType = file; path = "MFZhiHei_Noncommercial-Regular.ttf"; sourceTree = "<group>"; };
		18D935C120905211006D04CF /* MFJinHei_Noncommercial-Regular.ttf */ = {isa = PBXFileReference; lastKnownFileType = file; path = "MFJinHei_Noncommercial-Regular.ttf"; sourceTree = "<group>"; };
		18D935C220905212006D04CF /* MFTongXin_Noncommercial-Regular.ttf */ = {isa = PBXFileReference; lastKnownFileType = file; path = "MFTongXin_Noncommercial-Regular.ttf"; sourceTree = "<group>"; };
		18D935C320905212006D04CF /* Gaspar Regular.otf */ = {isa = PBXFileReference; lastKnownFileType = file; path = "Gaspar Regular.otf"; sourceTree = "<group>"; };
		18D935C92090546C006D04CF /* CustomFont.xcdatamodel */ = {isa = PBXFileReference; lastKnownFileType = wrapper.xcdatamodel; path = CustomFont.xcdatamodel; sourceTree = "<group>"; };
/* End PBXFileReference section */

/* Begin PBXFrameworksBuildPhase section */
		18D935A720904B3E006D04CF /* Frameworks */ = {
			isa = PBXFrameworksBuildPhase;
			buildActionMask = 2147483647;
			files = (
			);
			runOnlyForDeploymentPostprocessing = 0;
		};
/* End PBXFrameworksBuildPhase section */

/* Begin PBXGroup section */
		18D935A120904B3E006D04CF = {
			isa = PBXGroup;
			children = (
				18D935AC20904B3E006D04CF /* YFSwiftStudy_02 */,
				18D935AB20904B3E006D04CF /* Products */,
			);
			sourceTree = "<group>";
		};
		18D935AB20904B3E006D04CF /* Products */ = {
			isa = PBXGroup;
			children = (
				18D935AA20904B3E006D04CF /* YFSwiftStudy_02.app */,
			);
			name = Products;
			sourceTree = "<group>";
		};
		18D935AC20904B3E006D04CF /* YFSwiftStudy_02 */ = {
			isa = PBXGroup;
			children = (
				18D935AD20904B3E006D04CF /* AppDelegate.swift */,
				18D935AF20904B3E006D04CF /* ViewController.swift */,
				18D935BF209051F9006D04CF /* fonts */,
				18D935C320905212006D04CF /* Gaspar Regular.otf */,
				18D935C120905211006D04CF /* MFJinHei_Noncommercial-Regular.ttf */,
				18D935C220905212006D04CF /* MFTongXin_Noncommercial-Regular.ttf */,
				18D935C020905211006D04CF /* MFZhiHei_Noncommercial-Regular.ttf */,
				18D935C82090546C006D04CF /* CustomFont.xcdatamodeld */,
				18D935B120904B3E006D04CF /* Main.storyboard */,
				18D935B420904B3E006D04CF /* Assets.xcassets */,
				18D935B620904B3E006D04CF /* LaunchScreen.storyboard */,
				18D935B920904B3E006D04CF /* Info.plist */,
			);
			path = YFSwiftStudy_02;
			sourceTree = "<group>";
		};
		18D935BF209051F9006D04CF /* fonts */ = {
			isa = PBXGroup;
			children = (
			);
			path = fonts;
			sourceTree = "<group>";
		};
/* End PBXGroup section */

/* Begin PBXNativeTarget section */
		18D935A920904B3E006D04CF /* YFSwiftStudy_02 */ = {
			isa = PBXNativeTarget;
			buildConfigurationList = 18D935BC20904B3E006D04CF /* Build configuration list for PBXNativeTarget "YFSwiftStudy_02" */;
			buildPhases = (
				18D935A620904B3E006D04CF /* Sources */,
				18D935A720904B3E006D04CF /* Frameworks */,
				18D935A820904B3E006D04CF /* Resources */,
			);
			buildRules = (
			);
			dependencies = (
			);
			name = YFSwiftStudy_02;
			productName = YFSwiftStudy_02;
			productReference = 18D935AA20904B3E006D04CF /* YFSwiftStudy_02.app */;
			productType = "com.apple.product-type.application";
		};
/* End PBXNativeTarget section */

/* Begin PBXProject section */
		18D935A220904B3E006D04CF /* Project object */ = {
			isa = PBXProject;
			attributes = {
				LastSwiftUpdateCheck = 0920;
				LastUpgradeCheck = 0920;
				ORGANIZATIONNAME = yafei;
				TargetAttributes = {
					18D935A920904B3E006D04CF = {
						CreatedOnToolsVersion = 9.2;
						ProvisioningStyle = Automatic;
					};
				};
			};
			buildConfigurationList = 18D935A520904B3E006D04CF /* Build configuration list for PBXProject "YFSwiftStudy_02" */;
			compatibilityVersion = "Xcode 8.0";
			developmentRegion = en;
			hasScannedForEncodings = 0;
			knownRegions = (
				en,
				Base,
			);
			mainGroup = 18D935A120904B3E006D04CF;
			productRefGroup = 18D935AB20904B3E006D04CF /* Products */;
			projectDirPath = "";
			projectRoot = "";
			targets = (
				18D935A920904B3E006D04CF /* YFSwiftStudy_02 */,
			);
		};
/* End PBXProject section */

/* Begin PBXResourcesBuildPhase section */
		18D935A820904B3E006D04CF /* Resources */ = {
			isa = PBXResourcesBuildPhase;
			buildActionMask = 2147483647;
			files = (
				18D935C720905212006D04CF /* Gaspar Regular.otf in Resources */,
				18D935B820904B3E006D04CF /* LaunchScreen.storyboard in Resources */,
				18D935B520904B3E006D04CF /* Assets.xcassets in Resources */,
				18D935C520905212006D04CF /* MFJinHei_Noncommercial-Regular.ttf in Resources */,
				18D935B320904B3E006D04CF /* Main.storyboard in Resources */,
				18D935C620905212006D04CF /* MFTongXin_Noncommercial-Regular.ttf in Resources */,
				18D935C420905212006D04CF /* MFZhiHei_Noncommercial-Regular.ttf in Resources */,
			);
			runOnlyForDeploymentPostprocessing = 0;
		};
/* End PBXResourcesBuildPhase section */

/* Begin PBXSourcesBuildPhase section */
		18D935A620904B3E006D04CF /* Sources */ = {
			isa = PBXSourcesBuildPhase;
			buildActionMask = 2147483647;
			files = (
				18D935B020904B3E006D04CF /* ViewController.swift in Sources */,
				18D935CA2090546C006D04CF /* CustomFont.xcdatamodeld in Sources */,
				18D935AE20904B3E006D04CF /* AppDelegate.swift in Sources */,
			);
			runOnlyForDeploymentPostprocessing = 0;
		};
/* End PBXSourcesBuildPhase section */

/* Begin PBXVariantGroup section */
		18D935B120904B3E006D04CF /* Main.storyboard */ = {
			isa = PBXVariantGroup;
			children = (
				18D935B220904B3E006D04CF /* Base */,
			);
			name = Main.storyboard;
			sourceTree = "<group>";
		};
		18D935B620904B3E006D04CF /* LaunchScreen.storyboard */ = {
			isa = PBXVariantGroup;
			children = (
				18D935B720904B3E006D04CF /* Base */,
			);
			name = LaunchScreen.storyboard;
			sourceTree = "<group>";
		};
/* End PBXVariantGroup section */

/* Begin XCBuildConfiguration section */
		18D935BA20904B3E006D04CF /* Debug */ = {
			isa = XCBuildConfiguration;
			buildSettings = {
				ALWAYS_SEARCH_USER_PATHS = NO;
				CLANG_ANALYZER_NONNULL = YES;
				CLANG_ANALYZER_NUMBER_OBJECT_CONVERSION = YES_AGGRESSIVE;
				CLANG_CXX_LANGUAGE_STANDARD = "gnu++14";
				CLANG_CXX_LIBRARY = "libc++";
				CLANG_ENABLE_MODULES = YES;
				CLANG_ENABLE_OBJC_ARC = YES;
				CLANG_WARN_BLOCK_CAPTURE_AUTORELEASING = YES;
				CLANG_WARN_BOOL_CONVERSION = YES;
				CLANG_WARN_COMMA = YES;
				CLANG_WARN_CONSTANT_CONVERSION = YES;
				CLANG_WARN_DIRECT_OBJC_ISA_USAGE = YES_ERROR;
				CLANG_WARN_DOCUMENTATION_COMMENTS = YES;
				CLANG_WARN_EMPTY_BODY = YES;
				CLANG_WARN_ENUM_CONVERSION = YES;
				CLANG_WARN_INFINITE_RECURSION = YES;
				CLANG_WARN_INT_CONVERSION = YES;
				CLANG_WARN_NON_LITERAL_NULL_CONVERSION = YES;
				CLANG_WARN_OBJC_LITERAL_CONVERSION = YES;
				CLANG_WARN_OBJC_ROOT_CLASS = YES_ERROR;
				CLANG_WARN_RANGE_LOOP_ANALYSIS = YES;
				CLANG_WARN_STRICT_PROTOTYPES = YES;
				CLANG_WARN_SUSPICIOUS_MOVE = YES;
				CLANG_WARN_UNGUARDED_AVAILABILITY = YES_AGGRESSIVE;
				CLANG_WARN_UNREACHABLE_CODE = YES;
				CLANG_WARN__DUPLICATE_METHOD_MATCH = YES;
				CODE_SIGN_IDENTITY = "iPhone Developer";
				COPY_PHASE_STRIP = NO;
				DEBUG_INFORMATION_FORMAT = dwarf;
				ENABLE_STRICT_OBJC_MSGSEND = YES;
				ENABLE_TESTABILITY = YES;
				GCC_C_LANGUAGE_STANDARD = gnu11;
				GCC_DYNAMIC_NO_PIC = NO;
				GCC_NO_COMMON_BLOCKS = YES;
				GCC_OPTIMIZATION_LEVEL = 0;
				GCC_PREPROCESSOR_DEFINITIONS = (
					"DEBUG=1",
					"$(inherited)",
				);
				GCC_WARN_64_TO_32_BIT_CONVERSION = YES;
				GCC_WARN_ABOUT_RETURN_TYPE = YES_ERROR;
				GCC_WARN_UNDECLARED_SELECTOR = YES;
				GCC_WARN_UNINITIALIZED_AUTOS = YES_AGGRESSIVE;
				GCC_WARN_UNUSED_FUNCTION = YES;
				GCC_WARN_UNUSED_VARIABLE = YES;
				IPHONEOS_DEPLOYMENT_TARGET = 11.2;
				MTL_ENABLE_DEBUG_INFO = YES;
				ONLY_ACTIVE_ARCH = YES;
				SDKROOT = iphoneos;
				SWIFT_ACTIVE_COMPILATION_CONDITIONS = DEBUG;
				SWIFT_OPTIMIZATION_LEVEL = "-Onone";
			};
			name = Debug;
		};
		18D935BB20904B3E006D04CF /* Release */ = {
			isa = XCBuildConfiguration;
			buildSettings = {
				ALWAYS_SEARCH_USER_PATHS = NO;
				CLANG_ANALYZER_NONNULL = YES;
				CLANG_ANALYZER_NUMBER_OBJECT_CONVERSION = YES_AGGRESSIVE;
				CLANG_CXX_LANGUAGE_STANDARD = "gnu++14";
				CLANG_CXX_LIBRARY = "libc++";
				CLANG_ENABLE_MODULES = YES;
				CLANG_ENABLE_OBJC_ARC = YES;
				CLANG_WARN_BLOCK_CAPTURE_AUTORELEASING = YES;
				CLANG_WARN_BOOL_CONVERSION = YES;
				CLANG_WARN_COMMA = YES;
				CLANG_WARN_CONSTANT_CONVERSION = YES;
				CLANG_WARN_DIRECT_OBJC_ISA_USAGE = YES_ERROR;
				CLANG_WARN_DOCUMENTATION_COMMENTS = YES;
				CLANG_WARN_EMPTY_BODY = YES;
				CLANG_WARN_ENUM_CONVERSION = YES;
				CLANG_WARN_INFINITE_RECURSION = YES;
				CLANG_WARN_INT_CONVERSION = YES;
				CLANG_WARN_NON_LITERAL_NULL_CONVERSION = YES;
				CLANG_WARN_OBJC_LITERAL_CONVERSION = YES;
				CLANG_WARN_OBJC_ROOT_CLASS = YES_ERROR;
				CLANG_WARN_RANGE_LOOP_ANALYSIS = YES;
				CLANG_WARN_STRICT_PROTOTYPES = YES;
				CLANG_WARN_SUSPICIOUS_MOVE = YES;
				CLANG_WARN_UNGUARDED_AVAILABILITY = YES_AGGRESSIVE;
				CLANG_WARN_UNREACHABLE_CODE = YES;
				CLANG_WARN__DUPLICATE_METHOD_MATCH = YES;
				CODE_SIGN_IDENTITY = "iPhone Developer";
				COPY_PHASE_STRIP = NO;
				DEBUG_INFORMATION_FORMAT = "dwarf-with-dsym";
				ENABLE_NS_ASSERTIONS = NO;
				ENABLE_STRICT_OBJC_MSGSEND = YES;
				GCC_C_LANGUAGE_STANDARD = gnu11;
				GCC_NO_COMMON_BLOCKS = YES;
				GCC_WARN_64_TO_32_BIT_CONVERSION = YES;
				GCC_WARN_ABOUT_RETURN_TYPE = YES_ERROR;
				GCC_WARN_UNDECLARED_SELECTOR = YES;
				GCC_WARN_UNINITIALIZED_AUTOS = YES_AGGRESSIVE;
				GCC_WARN_UNUSED_FUNCTION = YES;
				GCC_WARN_UNUSED_VARIABLE = YES;
				IPHONEOS_DEPLOYMENT_TARGET = 11.2;
				MTL_ENABLE_DEBUG_INFO = NO;
				SDKROOT = iphoneos;
				SWIFT_OPTIMIZATION_LEVEL = "-Owholemodule";
				VALIDATE_PRODUCT = YES;
			};
			name = Release;
		};
		18D935BD20904B3E006D04CF /* Debug */ = {
			isa = XCBuildConfiguration;
			buildSettings = {
				ASSETCATALOG_COMPILER_APPICON_NAME = AppIcon;
				CODE_SIGN_STYLE = Automatic;
				DEVELOPMENT_TEAM = K36LPBJ5XL;
				INFOPLIST_FILE = YFSwiftStudy_02/Info.plist;
				IPHONEOS_DEPLOYMENT_TARGET = 9.0;
				LD_RUNPATH_SEARCH_PATHS = "$(inherited) @executable_path/Frameworks";
				PRODUCT_BUNDLE_IDENTIFIER = "com.adpanshi.renzheng.YFSwiftStudy-02";
				PRODUCT_NAME = "$(TARGET_NAME)";
				SWIFT_VERSION = 4.0;
				TARGETED_DEVICE_FAMILY = "1,2";
			};
			name = Debug;
		};
		18D935BE20904B3E006D04CF /* Release */ = {
			isa = XCBuildConfiguration;
			buildSettings = {
				ASSETCATALOG_COMPILER_APPICON_NAME = AppIcon;
				CODE_SIGN_STYLE = Automatic;
				DEVELOPMENT_TEAM = K36LPBJ5XL;
				INFOPLIST_FILE = YFSwiftStudy_02/Info.plist;
				IPHONEOS_DEPLOYMENT_TARGET = 9.0;
				LD_RUNPATH_SEARCH_PATHS = "$(inherited) @executable_path/Frameworks";
				PRODUCT_BUNDLE_IDENTIFIER = "com.adpanshi.renzheng.YFSwiftStudy-02";
				PRODUCT_NAME = "$(TARGET_NAME)";
				SWIFT_VERSION = 4.0;
				TARGETED_DEVICE_FAMILY = "1,2";
			};
			name = Release;
		};
/* End XCBuildConfiguration section */

/* Begin XCConfigurationList section */
		18D935A520904B3E006D04CF /* Build configuration list for PBXProject "YFSwiftStudy_02" */ = {
			isa = XCConfigurationList;
			buildConfigurations = (
				18D935BA20904B3E006D04CF /* Debug */,
				18D935BB20904B3E006D04CF /* Release */,
			);
			defaultConfigurationIsVisible = 0;
			defaultConfigurationName = Release;
		};
		18D935BC20904B3E006D04CF /* Build configuration list for PBXNativeTarget "YFSwiftStudy_02" */ = {
			isa = XCConfigurationList;
			buildConfigurations = (
				18D935BD20904B3E006D04CF /* Debug */,
				18D935BE20904B3E006D04CF /* Release */,
			);
			defaultConfigurationIsVisible = 0;
			defaultConfigurationName = Release;
		};
/* End XCConfigurationList section */

/* Begin XCVersionGroup section */
		18D935C82090546C006D04CF /* CustomFont.xcdatamodeld */ = {
			isa = XCVersionGroup;
			children = (
				18D935C92090546C006D04CF /* CustomFont.xcdatamodel */,
			);
			currentVersion = 18D935C92090546C006D04CF /* CustomFont.xcdatamodel */;
			path = CustomFont.xcdatamodeld;
			sourceTree = "<group>";
			versionGroupType = wrapper.xcdatamodel;
		};
/* End XCVersionGroup section */
	};
	rootObject = 18D935A220904B3E006D04CF /* Project object */;
}
